{
  "requires": true,
  "lockfileVersion": 1,
  "dependencies": {
    "mugicpp": {
      "version": "1.0.2",
      "resolved": "https://registry.npmjs.org/mugicpp/-/mugicpp-1.0.2.tgz",
      "integrity": "sha512-WI1s2v4iLygJd6pAEn8OrqhPFgpgtY9U3hqgPvZ1sa7lyE0/9m6y/hVyy6/IIRO4nLlrGfqyiKULY3PQCUcslw=="
    }
  }
}
